
Microsoft Visual Studio Solution File, Format Version 12.00
# Visual Studio Version 17
VisualStudioVersion = 17.11.35327.3
MinimumVisualStudioVersion = 10.0.40219.1
Project("{FAE04EC0-301F-11D3-BF4B-00C04F79EFBC}") = "Single Responsibility Class", "Single Responsibility Class\Single Responsibility Class.csproj", "{3FB94E9C-F0DA-4533-8D83-6DE6F99ABAC7}"
EndProject
Project("{FAE04EC0-301F-11D3-BF4B-00C04F79EFBC}") = "Open Closed Principle", "Open Closed Principle\Open Closed Principle.csproj", "{F1D7133D-E07B-4A22-9595-1FB02ED1273B}"
EndProject
Project("{FAE04EC0-301F-11D3-BF4B-00C04F79EFBC}") = "Liskov Substitution Principle", "Liskov Substitution Principle\Liskov Substitution Principle.csproj", "{578D9CFD-4CD3-4741-B09D-4467BF768782}"
EndProject
Project("{FAE04EC0-301F-11D3-BF4B-00C04F79EFBC}") = "Interface Segregation Principle", "Interface Segregation Principle\Interface Segregation Principle.csproj", "{41F69B77-6E86-4ABC-9BE3-F3E411E1502E}"
EndProject
Project("{FAE04EC0-301F-11D3-BF4B-00C04F79EFBC}") = "Dependency Inversion Principle", "Dependency Inversion Principle\Dependency Inversion Principle.csproj", "{CD8476BA-FCAB-4893-921F-1DFC54E4E2C6}"
EndProject
Project("{2150E333-8FDC-42A3-9474-1A3956D46DE8}") = "Section 1 - General Software Development Concepts", "Section 1 - General Software Development Concepts", "{7A586EE3-26A6-4D8C-A2C0-6A773C2C02BA}"
EndProject
Project("{2150E333-8FDC-42A3-9474-1A3956D46DE8}") = "Section 2 - C# Knowledge", "Section 2 - C# Knowledge", "{CF8E403C-85A8-40B7-84A2-3A75FE518300}"
EndProject
Project("{2150E333-8FDC-42A3-9474-1A3956D46DE8}") = "Subheading A - SOLID Principles", "Subheading A - SOLID Principles", "{18BA6F99-132B-445B-9270-53B05B478AFB}"
EndProject
Project("{2150E333-8FDC-42A3-9474-1A3956D46DE8}") = "Subheading B - Design Patterns", "Subheading B - Design Patterns", "{7C038351-F858-4181-80BE-EEC9223BAB6C}"
EndProject
Project("{FAE04EC0-301F-11D3-BF4B-00C04F79EFBC}") = "Singleton Pattern", "Singleton Pattern\Singleton Pattern.csproj", "{D143CDE0-AE84-4618-A6BE-32D67721E830}"
EndProject
Project("{FAE04EC0-301F-11D3-BF4B-00C04F79EFBC}") = "Exception Handling", "Exception Handling\Exception Handling.csproj", "{6857045B-DF22-4565-BE0D-1F45A88FD13B}"
EndProject
Project("{FAE04EC0-301F-11D3-BF4B-00C04F79EFBC}") = "String Reverse", "String Reverse\String Reverse.csproj", "{F3E59901-2083-4FFC-A588-61A3D829717F}"
EndProject
Project("{FAE04EC0-301F-11D3-BF4B-00C04F79EFBC}") = "Static and Instance Methods", "Static and Instance Methods\Static and Instance Methods.csproj", "{210942AC-9CA8-4DD7-868D-E8DF3112D488}"
EndProject
Project("{FAE04EC0-301F-11D3-BF4B-00C04F79EFBC}") = "Fuel Efficency Calculation", "FuelEfficencyCalculation\Fuel Efficency Calculation.csproj", "{9411F977-2892-4031-AB8F-359DB0B7EE1A}"
EndProject
Project("{2150E333-8FDC-42A3-9474-1A3956D46DE8}") = "Section 3 - Software Development and Testing with C#", "Section 3 - Software Development and Testing with C#", "{727F0770-4EAE-411E-AD20-47B441A42E7D}"
EndProject
Global
	GlobalSection(SolutionConfigurationPlatforms) = preSolution
		Debug|Any CPU = Debug|Any CPU
		Release|Any CPU = Release|Any CPU
	EndGlobalSection
	GlobalSection(ProjectConfigurationPlatforms) = postSolution
		{3FB94E9C-F0DA-4533-8D83-6DE6F99ABAC7}.Debug|Any CPU.ActiveCfg = Debug|Any CPU
		{3FB94E9C-F0DA-4533-8D83-6DE6F99ABAC7}.Debug|Any CPU.Build.0 = Debug|Any CPU
		{3FB94E9C-F0DA-4533-8D83-6DE6F99ABAC7}.Release|Any CPU.ActiveCfg = Release|Any CPU
		{3FB94E9C-F0DA-4533-8D83-6DE6F99ABAC7}.Release|Any CPU.Build.0 = Release|Any CPU
		{F1D7133D-E07B-4A22-9595-1FB02ED1273B}.Debug|Any CPU.ActiveCfg = Debug|Any CPU
		{F1D7133D-E07B-4A22-9595-1FB02ED1273B}.Debug|Any CPU.Build.0 = Debug|Any CPU
		{F1D7133D-E07B-4A22-9595-1FB02ED1273B}.Release|Any CPU.ActiveCfg = Release|Any CPU
		{F1D7133D-E07B-4A22-9595-1FB02ED1273B}.Release|Any CPU.Build.0 = Release|Any CPU
		{578D9CFD-4CD3-4741-B09D-4467BF768782}.Debug|Any CPU.ActiveCfg = Debug|Any CPU
		{578D9CFD-4CD3-4741-B09D-4467BF768782}.Debug|Any CPU.Build.0 = Debug|Any CPU
		{578D9CFD-4CD3-4741-B09D-4467BF768782}.Release|Any CPU.ActiveCfg = Release|Any CPU
		{578D9CFD-4CD3-4741-B09D-4467BF768782}.Release|Any CPU.Build.0 = Release|Any CPU
		{41F69B77-6E86-4ABC-9BE3-F3E411E1502E}.Debug|Any CPU.ActiveCfg = Debug|Any CPU
		{41F69B77-6E86-4ABC-9BE3-F3E411E1502E}.Debug|Any CPU.Build.0 = Debug|Any CPU
		{41F69B77-6E86-4ABC-9BE3-F3E411E1502E}.Release|Any CPU.ActiveCfg = Release|Any CPU
		{41F69B77-6E86-4ABC-9BE3-F3E411E1502E}.Release|Any CPU.Build.0 = Release|Any CPU
		{CD8476BA-FCAB-4893-921F-1DFC54E4E2C6}.Debug|Any CPU.ActiveCfg = Debug|Any CPU
		{CD8476BA-FCAB-4893-921F-1DFC54E4E2C6}.Debug|Any CPU.Build.0 = Debug|Any CPU
		{CD8476BA-FCAB-4893-921F-1DFC54E4E2C6}.Release|Any CPU.ActiveCfg = Release|Any CPU
		{CD8476BA-FCAB-4893-921F-1DFC54E4E2C6}.Release|Any CPU.Build.0 = Release|Any CPU
		{D143CDE0-AE84-4618-A6BE-32D67721E830}.Debug|Any CPU.ActiveCfg = Debug|Any CPU
		{D143CDE0-AE84-4618-A6BE-32D67721E830}.Debug|Any CPU.Build.0 = Debug|Any CPU
		{D143CDE0-AE84-4618-A6BE-32D67721E830}.Release|Any CPU.ActiveCfg = Release|Any CPU
		{D143CDE0-AE84-4618-A6BE-32D67721E830}.Release|Any CPU.Build.0 = Release|Any CPU
		{6857045B-DF22-4565-BE0D-1F45A88FD13B}.Debug|Any CPU.ActiveCfg = Debug|Any CPU
		{6857045B-DF22-4565-BE0D-1F45A88FD13B}.Debug|Any CPU.Build.0 = Debug|Any CPU
		{6857045B-DF22-4565-BE0D-1F45A88FD13B}.Release|Any CPU.ActiveCfg = Release|Any CPU
		{6857045B-DF22-4565-BE0D-1F45A88FD13B}.Release|Any CPU.Build.0 = Release|Any CPU
		{F3E59901-2083-4FFC-A588-61A3D829717F}.Debug|Any CPU.ActiveCfg = Debug|Any CPU
		{F3E59901-2083-4FFC-A588-61A3D829717F}.Debug|Any CPU.Build.0 = Debug|Any CPU
		{F3E59901-2083-4FFC-A588-61A3D829717F}.Release|Any CPU.ActiveCfg = Release|Any CPU
		{F3E59901-2083-4FFC-A588-61A3D829717F}.Release|Any CPU.Build.0 = Release|Any CPU
		{210942AC-9CA8-4DD7-868D-E8DF3112D488}.Debug|Any CPU.ActiveCfg = Debug|Any CPU
		{210942AC-9CA8-4DD7-868D-E8DF3112D488}.Debug|Any CPU.Build.0 = Debug|Any CPU
		{210942AC-9CA8-4DD7-868D-E8DF3112D488}.Release|Any CPU.ActiveCfg = Release|Any CPU
		{210942AC-9CA8-4DD7-868D-E8DF3112D488}.Release|Any CPU.Build.0 = Release|Any CPU
		{9411F977-2892-4031-AB8F-359DB0B7EE1A}.Debug|Any CPU.ActiveCfg = Debug|Any CPU
		{9411F977-2892-4031-AB8F-359DB0B7EE1A}.Debug|Any CPU.Build.0 = Debug|Any CPU
		{9411F977-2892-4031-AB8F-359DB0B7EE1A}.Release|Any CPU.ActiveCfg = Release|Any CPU
		{9411F977-2892-4031-AB8F-359DB0B7EE1A}.Release|Any CPU.Build.0 = Release|Any CPU
	EndGlobalSection
	GlobalSection(SolutionProperties) = preSolution
		HideSolutionNode = FALSE
	EndGlobalSection
	GlobalSection(NestedProjects) = preSolution
		{3FB94E9C-F0DA-4533-8D83-6DE6F99ABAC7} = {18BA6F99-132B-445B-9270-53B05B478AFB}
		{F1D7133D-E07B-4A22-9595-1FB02ED1273B} = {18BA6F99-132B-445B-9270-53B05B478AFB}
		{578D9CFD-4CD3-4741-B09D-4467BF768782} = {18BA6F99-132B-445B-9270-53B05B478AFB}
		{41F69B77-6E86-4ABC-9BE3-F3E411E1502E} = {18BA6F99-132B-445B-9270-53B05B478AFB}
		{CD8476BA-FCAB-4893-921F-1DFC54E4E2C6} = {18BA6F99-132B-445B-9270-53B05B478AFB}
		{18BA6F99-132B-445B-9270-53B05B478AFB} = {7A586EE3-26A6-4D8C-A2C0-6A773C2C02BA}
		{7C038351-F858-4181-80BE-EEC9223BAB6C} = {7A586EE3-26A6-4D8C-A2C0-6A773C2C02BA}
		{D143CDE0-AE84-4618-A6BE-32D67721E830} = {7C038351-F858-4181-80BE-EEC9223BAB6C}
		{6857045B-DF22-4565-BE0D-1F45A88FD13B} = {CF8E403C-85A8-40B7-84A2-3A75FE518300}
		{F3E59901-2083-4FFC-A588-61A3D829717F} = {CF8E403C-85A8-40B7-84A2-3A75FE518300}
		{210942AC-9CA8-4DD7-868D-E8DF3112D488} = {CF8E403C-85A8-40B7-84A2-3A75FE518300}
		{9411F977-2892-4031-AB8F-359DB0B7EE1A} = {CF8E403C-85A8-40B7-84A2-3A75FE518300}
	EndGlobalSection
	GlobalSection(ExtensibilityGlobals) = postSolution
		SolutionGuid = {C29B6148-985D-45BE-B18D-AC7231C372CC}
	EndGlobalSection
EndGlobal
