
Microsoft Visual Studio Solution File, Format Version 12.00
# Visual Studio Version 17
VisualStudioVersion = 17.11.35327.3
MinimumVisualStudioVersion = 10.0.40219.1
Project("{9A19103F-16F7-4668-BE54-9A1E7A4F7556}") = "Dependency Inversion Principle", "Section 1 - General Software Development Concepts\Subheading A - SOLID Principles\Dependency Inversion Principle\Dependency Inversion Principle.csproj", "{EE3FFDDE-19D8-4CCF-BFDD-8023ABB5F9A0}"
EndProject
Project("{9A19103F-16F7-4668-BE54-9A1E7A4F7556}") = "Interface Segregation Principle", "Section 1 - General Software Development Concepts\Subheading A - SOLID Principles\Interface Segregation Principle\Interface Segregation Principle.csproj", "{F035E865-4F49-4B17-A324-7BFFA2F90B46}"
EndProject
Project("{9A19103F-16F7-4668-BE54-9A1E7A4F7556}") = "Liskov Substitution Principle", "Section 1 - General Software Development Concepts\Subheading A - SOLID Principles\Liskov Substitution Principle\Liskov Substitution Principle.csproj", "{851D7D1D-977E-408A-AE1E-E9CBF3257F45}"
EndProject
Project("{9A19103F-16F7-4668-BE54-9A1E7A4F7556}") = "Open Closed Principle", "Section 1 - General Software Development Concepts\Subheading A - SOLID Principles\Open Closed Principle\Open Closed Principle.csproj", "{8FEB859C-D5B1-46DC-A893-AA5DD15A5F98}"
EndProject
Project("{9A19103F-16F7-4668-BE54-9A1E7A4F7556}") = "Single Responsibility Class", "Section 1 - General Software Development Concepts\Subheading A - SOLID Principles\Single Responsibility Class\Single Responsibility Class.csproj", "{C09FAFAB-7E62-4EC6-9B21-67FE5F903C98}"
EndProject
Project("{9A19103F-16F7-4668-BE54-9A1E7A4F7556}") = "Singleton Pattern", "Section 1 - General Software Development Concepts\Subheading B - Design Patterns\Singleton Pattern\Singleton Pattern.csproj", "{0028C9D0-2456-4664-B790-7DA8248AC6A9}"
EndProject
Project("{9A19103F-16F7-4668-BE54-9A1E7A4F7556}") = "Exception Handling", "Section 2 - C# Knowledge\Exception Handling\Exception Handling.csproj", "{05654430-CAF4-4A34-8B7F-257E79CB8E6E}"
EndProject
Project("{9A19103F-16F7-4668-BE54-9A1E7A4F7556}") = "Fuel Efficency Calculation", "Section 2 - C# Knowledge\FuelEfficencyCalculation\Fuel Efficency Calculation.csproj", "{30CA9A9D-F141-4CA1-AF47-26D82D32BBCF}"
EndProject
Project("{9A19103F-16F7-4668-BE54-9A1E7A4F7556}") = "Static and Instance Methods", "Section 2 - C# Knowledge\Static and Instance Methods\Static and Instance Methods.csproj", "{F998ED3D-B8E6-4212-A301-73DA653961DB}"
EndProject
Project("{9A19103F-16F7-4668-BE54-9A1E7A4F7556}") = "String Reverse", "Section 2 - C# Knowledge\String Reverse\String Reverse.csproj", "{21F5D4A3-2B8F-4C60-AF32-0853AAA8A114}"
EndProject
Project("{9A19103F-16F7-4668-BE54-9A1E7A4F7556}") = "RESTful API", "Section 3 - Software Development and Testing with C#\RESTful API\RESTful API.csproj", "{04F1BFAC-E4EE-4F88-B521-653ED24C45D8}"
EndProject
Global
	GlobalSection(SolutionConfigurationPlatforms) = preSolution
		Debug|Any CPU = Debug|Any CPU
		Release|Any CPU = Release|Any CPU
	EndGlobalSection
	GlobalSection(ProjectConfigurationPlatforms) = postSolution
		{EE3FFDDE-19D8-4CCF-BFDD-8023ABB5F9A0}.Debug|Any CPU.ActiveCfg = Debug|Any CPU
		{EE3FFDDE-19D8-4CCF-BFDD-8023ABB5F9A0}.Debug|Any CPU.Build.0 = Debug|Any CPU
		{EE3FFDDE-19D8-4CCF-BFDD-8023ABB5F9A0}.Release|Any CPU.ActiveCfg = Release|Any CPU
		{EE3FFDDE-19D8-4CCF-BFDD-8023ABB5F9A0}.Release|Any CPU.Build.0 = Release|Any CPU
		{F035E865-4F49-4B17-A324-7BFFA2F90B46}.Debug|Any CPU.ActiveCfg = Debug|Any CPU
		{F035E865-4F49-4B17-A324-7BFFA2F90B46}.Debug|Any CPU.Build.0 = Debug|Any CPU
		{F035E865-4F49-4B17-A324-7BFFA2F90B46}.Release|Any CPU.ActiveCfg = Release|Any CPU
		{F035E865-4F49-4B17-A324-7BFFA2F90B46}.Release|Any CPU.Build.0 = Release|Any CPU
		{851D7D1D-977E-408A-AE1E-E9CBF3257F45}.Debug|Any CPU.ActiveCfg = Debug|Any CPU
		{851D7D1D-977E-408A-AE1E-E9CBF3257F45}.Debug|Any CPU.Build.0 = Debug|Any CPU
		{851D7D1D-977E-408A-AE1E-E9CBF3257F45}.Release|Any CPU.ActiveCfg = Release|Any CPU
		{851D7D1D-977E-408A-AE1E-E9CBF3257F45}.Release|Any CPU.Build.0 = Release|Any CPU
		{8FEB859C-D5B1-46DC-A893-AA5DD15A5F98}.Debug|Any CPU.ActiveCfg = Debug|Any CPU
		{8FEB859C-D5B1-46DC-A893-AA5DD15A5F98}.Debug|Any CPU.Build.0 = Debug|Any CPU
		{8FEB859C-D5B1-46DC-A893-AA5DD15A5F98}.Release|Any CPU.ActiveCfg = Release|Any CPU
		{8FEB859C-D5B1-46DC-A893-AA5DD15A5F98}.Release|Any CPU.Build.0 = Release|Any CPU
		{C09FAFAB-7E62-4EC6-9B21-67FE5F903C98}.Debug|Any CPU.ActiveCfg = Debug|Any CPU
		{C09FAFAB-7E62-4EC6-9B21-67FE5F903C98}.Debug|Any CPU.Build.0 = Debug|Any CPU
		{C09FAFAB-7E62-4EC6-9B21-67FE5F903C98}.Release|Any CPU.ActiveCfg = Release|Any CPU
		{C09FAFAB-7E62-4EC6-9B21-67FE5F903C98}.Release|Any CPU.Build.0 = Release|Any CPU
		{0028C9D0-2456-4664-B790-7DA8248AC6A9}.Debug|Any CPU.ActiveCfg = Debug|Any CPU
		{0028C9D0-2456-4664-B790-7DA8248AC6A9}.Debug|Any CPU.Build.0 = Debug|Any CPU
		{0028C9D0-2456-4664-B790-7DA8248AC6A9}.Release|Any CPU.ActiveCfg = Release|Any CPU
		{0028C9D0-2456-4664-B790-7DA8248AC6A9}.Release|Any CPU.Build.0 = Release|Any CPU
		{05654430-CAF4-4A34-8B7F-257E79CB8E6E}.Debug|Any CPU.ActiveCfg = Debug|Any CPU
		{05654430-CAF4-4A34-8B7F-257E79CB8E6E}.Debug|Any CPU.Build.0 = Debug|Any CPU
		{05654430-CAF4-4A34-8B7F-257E79CB8E6E}.Release|Any CPU.ActiveCfg = Release|Any CPU
		{05654430-CAF4-4A34-8B7F-257E79CB8E6E}.Release|Any CPU.Build.0 = Release|Any CPU
		{30CA9A9D-F141-4CA1-AF47-26D82D32BBCF}.Debug|Any CPU.ActiveCfg = Debug|Any CPU
		{30CA9A9D-F141-4CA1-AF47-26D82D32BBCF}.Debug|Any CPU.Build.0 = Debug|Any CPU
		{30CA9A9D-F141-4CA1-AF47-26D82D32BBCF}.Release|Any CPU.ActiveCfg = Release|Any CPU
		{30CA9A9D-F141-4CA1-AF47-26D82D32BBCF}.Release|Any CPU.Build.0 = Release|Any CPU
		{F998ED3D-B8E6-4212-A301-73DA653961DB}.Debug|Any CPU.ActiveCfg = Debug|Any CPU
		{F998ED3D-B8E6-4212-A301-73DA653961DB}.Debug|Any CPU.Build.0 = Debug|Any CPU
		{F998ED3D-B8E6-4212-A301-73DA653961DB}.Release|Any CPU.ActiveCfg = Release|Any CPU
		{F998ED3D-B8E6-4212-A301-73DA653961DB}.Release|Any CPU.Build.0 = Release|Any CPU
		{21F5D4A3-2B8F-4C60-AF32-0853AAA8A114}.Debug|Any CPU.ActiveCfg = Debug|Any CPU
		{21F5D4A3-2B8F-4C60-AF32-0853AAA8A114}.Debug|Any CPU.Build.0 = Debug|Any CPU
		{21F5D4A3-2B8F-4C60-AF32-0853AAA8A114}.Release|Any CPU.ActiveCfg = Release|Any CPU
		{21F5D4A3-2B8F-4C60-AF32-0853AAA8A114}.Release|Any CPU.Build.0 = Release|Any CPU
		{04F1BFAC-E4EE-4F88-B521-653ED24C45D8}.Debug|Any CPU.ActiveCfg = Debug|Any CPU
		{04F1BFAC-E4EE-4F88-B521-653ED24C45D8}.Debug|Any CPU.Build.0 = Debug|Any CPU
		{04F1BFAC-E4EE-4F88-B521-653ED24C45D8}.Release|Any CPU.ActiveCfg = Release|Any CPU
		{04F1BFAC-E4EE-4F88-B521-653ED24C45D8}.Release|Any CPU.Build.0 = Release|Any CPU
	EndGlobalSection
	GlobalSection(SolutionProperties) = preSolution
		HideSolutionNode = FALSE
	EndGlobalSection
	GlobalSection(ExtensibilityGlobals) = postSolution
		SolutionGuid = {C29B6148-985D-45BE-B18D-AC7231C372CC}
	EndGlobalSection
EndGlobal
